
Microsoft Visual Studio Solution File, Format Version 12.00
# Visual Studio Version 17
VisualStudioVersion = 17.2.32526.322
MinimumVisualStudioVersion = 10.0.40219.1
Project("{9A19103F-16F7-4668-BE54-9A1E7A4F7556}") = "EncryptionAppmart.Api", "EncryptionAppmart.Api\EncryptionAppmart.Api.csproj", "{1DA3B5E9-66CA-4492-9651-D7742141D9FF}"
EndProject
Project("{FAE04EC0-301F-11D3-BF4B-00C04F79EFBC}") = "EncryptionAppmart.Business", "EncryptionAppmart.Business\EncryptionAppmart.Business.csproj", "{A27B5282-A71C-43D1-8662-4C382FAA9A81}"
EndProject
Global
	GlobalSection(SolutionConfigurationPlatforms) = preSolution
		Debug|Any CPU = Debug|Any CPU
		Release|Any CPU = Release|Any CPU
	EndGlobalSection
	GlobalSection(ProjectConfigurationPlatforms) = postSolution
		{1DA3B5E9-66CA-4492-9651-D7742141D9FF}.Debug|Any CPU.ActiveCfg = Debug|Any CPU
		{1DA3B5E9-66CA-4492-9651-D7742141D9FF}.Debug|Any CPU.Build.0 = Debug|Any CPU
		{1DA3B5E9-66CA-4492-9651-D7742141D9FF}.Release|Any CPU.ActiveCfg = Release|Any CPU
		{1DA3B5E9-66CA-4492-9651-D7742141D9FF}.Release|Any CPU.Build.0 = Release|Any CPU
		{A27B5282-A71C-43D1-8662-4C382FAA9A81}.Debug|Any CPU.ActiveCfg = Debug|Any CPU
		{A27B5282-A71C-43D1-8662-4C382FAA9A81}.Debug|Any CPU.Build.0 = Debug|Any CPU
		{A27B5282-A71C-43D1-8662-4C382FAA9A81}.Release|Any CPU.ActiveCfg = Release|Any CPU
		{A27B5282-A71C-43D1-8662-4C382FAA9A81}.Release|Any CPU.Build.0 = Release|Any CPU
	EndGlobalSection
	GlobalSection(SolutionProperties) = preSolution
		HideSolutionNode = FALSE
	EndGlobalSection
	GlobalSection(ExtensibilityGlobals) = postSolution
		SolutionGuid = {DA93087C-9BF8-4138-934F-FC63D5C8D2D0}
	EndGlobalSection
EndGlobal
